// !$*UTF8*$!
{
	archiveVersion = 1;
	classes = {
	};
	objectVersion = 46;
	objects = {

/* Begin PBXBuildFile section */
		B45938981DFE3BC30039A8FD /* YHMessageView.m in Sources */ = {isa = PBXBuildFile; fileRef = B45938971DFE3BC30039A8FD /* YHMessageView.m */; };
		B472BE751DF178BA00249E3B /* main.m in Sources */ = {isa = PBXBuildFile; fileRef = B472BE741DF178BA00249E3B /* main.m */; };
		B472BE781DF178BA00249E3B /* AppDelegate.m in Sources */ = {isa = PBXBuildFile; fileRef = B472BE771DF178BA00249E3B /* AppDelegate.m */; };
		B472BE7B1DF178BA00249E3B /* ViewController.m in Sources */ = {isa = PBXBuildFile; fileRef = B472BE7A1DF178BA00249E3B /* ViewController.m */; };
		B472BE7E1DF178BA00249E3B /* Main.storyboard in Resources */ = {isa = PBXBuildFile; fileRef = B472BE7C1DF178BA00249E3B /* Main.storyboard */; };
		B472BE801DF178BA00249E3B /* Assets.xcassets in Resources */ = {isa = PBXBuildFile; fileRef = B472BE7F1DF178BA00249E3B /* Assets.xcassets */; };
		B472BE831DF178BA00249E3B /* LaunchScreen.storyboard in Resources */ = {isa = PBXBuildFile; fileRef = B472BE811DF178BA00249E3B /* LaunchScreen.storyboard */; };
		B472BE8E1DF178BA00249E3B /* YHPopupViewDemoTests.m in Sources */ = {isa = PBXBuildFile; fileRef = B472BE8D1DF178BA00249E3B /* YHPopupViewDemoTests.m */; };
		B472BE991DF178BA00249E3B /* YHPopupViewDemoUITests.m in Sources */ = {isa = PBXBuildFile; fileRef = B472BE981DF178BA00249E3B /* YHPopupViewDemoUITests.m */; };
		B472BEAE1DF178E900249E3B /* YHPopupView.m in Sources */ = {isa = PBXBuildFile; fileRef = B472BEAA1DF178E900249E3B /* YHPopupView.m */; };
		B472BEAF1DF178E900249E3B /* YHPopupViewAnimation.m in Sources */ = {isa = PBXBuildFile; fileRef = B472BEAC1DF178E900249E3B /* YHPopupViewAnimation.m */; };
		B4B76C5A1DFF8FE400A0C003 /* UIViewController+YHPopupViewController.m in Sources */ = {isa = PBXBuildFile; fileRef = B4B76C591DFF8FE400A0C003 /* UIViewController+YHPopupViewController.m */; };
		B4B76C5D1DFF900900A0C003 /* UIViewController+YHMessageViewController.m in Sources */ = {isa = PBXBuildFile; fileRef = B4B76C5C1DFF900900A0C003 /* UIViewController+YHMessageViewController.m */; };
/* End PBXBuildFile section */

/* Begin PBXContainerItemProxy section */
		B472BE8A1DF178BA00249E3B /* PBXContainerItemProxy */ = {
			isa = PBXContainerItemProxy;
			containerPortal = B472BE681DF178B900249E3B /* Project object */;
			proxyType = 1;
			remoteGlobalIDString = B472BE6F1DF178BA00249E3B;
			remoteInfo = YHPopupViewDemo;
		};
		B472BE951DF178BA00249E3B /* PBXContainerItemProxy */ = {
			isa = PBXContainerItemProxy;
			containerPortal = B472BE681DF178B900249E3B /* Project object */;
			proxyType = 1;
			remoteGlobalIDString = B472BE6F1DF178BA00249E3B;
			remoteInfo = YHPopupViewDemo;
		};
/* End PBXContainerItemProxy section */

/* Begin PBXFileReference section */
		B45938961DFE3BC30039A8FD /* YHMessageView.h */ = {isa = PBXFileReference; fileEncoding = 4; lastKnownFileType = sourcecode.c.h; path = YHMessageView.h; sourceTree = "<group>"; };
		B45938971DFE3BC30039A8FD /* YHMessageView.m */ = {isa = PBXFileReference; fileEncoding = 4; lastKnownFileType = sourcecode.c.objc; path = YHMessageView.m; sourceTree = "<group>"; };
		B472BE701DF178BA00249E3B /* YHPopupViewDemo.app */ = {isa = PBXFileReference; explicitFileType = wrapper.application; includeInIndex = 0; path = YHPopupViewDemo.app; sourceTree = BUILT_PRODUCTS_DIR; };
		B472BE741DF178BA00249E3B /* main.m */ = {isa = PBXFileReference; lastKnownFileType = sourcecode.c.objc; path = main.m; sourceTree = "<group>"; };
		B472BE761DF178BA00249E3B /* AppDelegate.h */ = {isa = PBXFileReference; lastKnownFileType = sourcecode.c.h; path = AppDelegate.h; sourceTree = "<group>"; };
		B472BE771DF178BA00249E3B /* AppDelegate.m */ = {isa = PBXFileReference; lastKnownFileType = sourcecode.c.objc; path = AppDelegate.m; sourceTree = "<group>"; };
		B472BE791DF178BA00249E3B /* ViewController.h */ = {isa = PBXFileReference; lastKnownFileType = sourcecode.c.h; path = ViewController.h; sourceTree = "<group>"; };
		B472BE7A1DF178BA00249E3B /* ViewController.m */ = {isa = PBXFileReference; lastKnownFileType = sourcecode.c.objc; path = ViewController.m; sourceTree = "<group>"; };
		B472BE7D1DF178BA00249E3B /* Base */ = {isa = PBXFileReference; lastKnownFileType = file.storyboard; name = Base; path = Base.lproj/Main.storyboard; sourceTree = "<group>"; };
		B472BE7F1DF178BA00249E3B /* Assets.xcassets */ = {isa = PBXFileReference; lastKnownFileType = folder.assetcatalog; path = Assets.xcassets; sourceTree = "<group>"; };
		B472BE821DF178BA00249E3B /* Base */ = {isa = PBXFileReference; lastKnownFileType = file.storyboard; name = Base; path = Base.lproj/LaunchScreen.storyboard; sourceTree = "<group>"; };
		B472BE841DF178BA00249E3B /* Info.plist */ = {isa = PBXFileReference; lastKnownFileType = text.plist.xml; path = Info.plist; sourceTree = "<group>"; };
		B472BE891DF178BA00249E3B /* YHPopupViewDemoTests.xctest */ = {isa = PBXFileReference; explicitFileType = wrapper.cfbundle; includeInIndex = 0; path = YHPopupViewDemoTests.xctest; sourceTree = BUILT_PRODUCTS_DIR; };
		B472BE8D1DF178BA00249E3B /* YHPopupViewDemoTests.m */ = {isa = PBXFileReference; lastKnownFileType = sourcecode.c.objc; path = YHPopupViewDemoTests.m; sourceTree = "<group>"; };
		B472BE8F1DF178BA00249E3B /* Info.plist */ = {isa = PBXFileReference; lastKnownFileType = text.plist.xml; path = Info.plist; sourceTree = "<group>"; };
		B472BE941DF178BA00249E3B /* YHPopupViewDemoUITests.xctest */ = {isa = PBXFileReference; explicitFileType = wrapper.cfbundle; includeInIndex = 0; path = YHPopupViewDemoUITests.xctest; sourceTree = BUILT_PRODUCTS_DIR; };
		B472BE981DF178BA00249E3B /* YHPopupViewDemoUITests.m */ = {isa = PBXFileReference; lastKnownFileType = sourcecode.c.objc; path = YHPopupViewDemoUITests.m; sourceTree = "<group>"; };
		B472BE9A1DF178BA00249E3B /* Info.plist */ = {isa = PBXFileReference; lastKnownFileType = text.plist.xml; path = Info.plist; sourceTree = "<group>"; };
		B472BEA91DF178E900249E3B /* YHPopupView.h */ = {isa = PBXFileReference; fileEncoding = 4; lastKnownFileType = sourcecode.c.h; path = YHPopupView.h; sourceTree = "<group>"; };
		B472BEAA1DF178E900249E3B /* YHPopupView.m */ = {isa = PBXFileReference; fileEncoding = 4; lastKnownFileType = sourcecode.c.objc; path = YHPopupView.m; sourceTree = "<group>"; };
		B472BEAB1DF178E900249E3B /* YHPopupViewAnimation.h */ = {isa = PBXFileReference; fileEncoding = 4; lastKnownFileType = sourcecode.c.h; path = YHPopupViewAnimation.h; sourceTree = "<group>"; };
		B472BEAC1DF178E900249E3B /* YHPopupViewAnimation.m */ = {isa = PBXFileReference; fileEncoding = 4; lastKnownFileType = sourcecode.c.objc; path = YHPopupViewAnimation.m; sourceTree = "<group>"; };
		B4B76C581DFF8FE400A0C003 /* UIViewController+YHPopupViewController.h */ = {isa = PBXFileReference; fileEncoding = 4; lastKnownFileType = sourcecode.c.h; path = "UIViewController+YHPopupViewController.h"; sourceTree = "<group>"; };
		B4B76C591DFF8FE400A0C003 /* UIViewController+YHPopupViewController.m */ = {isa = PBXFileReference; fileEncoding = 4; lastKnownFileType = sourcecode.c.objc; path = "UIViewController+YHPopupViewController.m"; sourceTree = "<group>"; };
		B4B76C5B1DFF900900A0C003 /* UIViewController+YHMessageViewController.h */ = {isa = PBXFileReference; fileEncoding = 4; lastKnownFileType = sourcecode.c.h; path = "UIViewController+YHMessageViewController.h"; sourceTree = "<group>"; };
		B4B76C5C1DFF900900A0C003 /* UIViewController+YHMessageViewController.m */ = {isa = PBXFileReference; fileEncoding = 4; lastKnownFileType = sourcecode.c.objc; path = "UIViewController+YHMessageViewController.m"; sourceTree = "<group>"; };
/* End PBXFileReference section */

/* Begin PBXFrameworksBuildPhase section */
		B472BE6D1DF178BA00249E3B /* Frameworks */ = {
			isa = PBXFrameworksBuildPhase;
			buildActionMask = 2147483647;
			files = (
			);
			runOnlyForDeploymentPostprocessing = 0;
		};
		B472BE861DF178BA00249E3B /* Frameworks */ = {
			isa = PBXFrameworksBuildPhase;
			buildActionMask = 2147483647;
			files = (
			);
			runOnlyForDeploymentPostprocessing = 0;
		};
		B472BE911DF178BA00249E3B /* Frameworks */ = {
			isa = PBXFrameworksBuildPhase;
			buildActionMask = 2147483647;
			files = (
			);
			runOnlyForDeploymentPostprocessing = 0;
		};
/* End PBXFrameworksBuildPhase section */

/* Begin PBXGroup section */
		B472BE671DF178B900249E3B = {
			isa = PBXGroup;
			children = (
				B472BE721DF178BA00249E3B /* YHPopupViewDemo */,
				B472BE8C1DF178BA00249E3B /* YHPopupViewDemoTests */,
				B472BE971DF178BA00249E3B /* YHPopupViewDemoUITests */,
				B472BE711DF178BA00249E3B /* Products */,
			);
			sourceTree = "<group>";
		};
		B472BE711DF178BA00249E3B /* Products */ = {
			isa = PBXGroup;
			children = (
				B472BE701DF178BA00249E3B /* YHPopupViewDemo.app */,
				B472BE891DF178BA00249E3B /* YHPopupViewDemoTests.xctest */,
				B472BE941DF178BA00249E3B /* YHPopupViewDemoUITests.xctest */,
			);
			name = Products;
			sourceTree = "<group>";
		};
		B472BE721DF178BA00249E3B /* YHPopupViewDemo */ = {
			isa = PBXGroup;
			children = (
				B472BEA61DF178E900249E3B /* YHPopupView */,
				B472BE761DF178BA00249E3B /* AppDelegate.h */,
				B472BE771DF178BA00249E3B /* AppDelegate.m */,
				B472BE791DF178BA00249E3B /* ViewController.h */,
				B472BE7A1DF178BA00249E3B /* ViewController.m */,
				B472BE7C1DF178BA00249E3B /* Main.storyboard */,
				B472BE7F1DF178BA00249E3B /* Assets.xcassets */,
				B472BE811DF178BA00249E3B /* LaunchScreen.storyboard */,
				B472BE841DF178BA00249E3B /* Info.plist */,
				B472BE731DF178BA00249E3B /* Supporting Files */,
			);
			path = YHPopupViewDemo;
			sourceTree = "<group>";
		};
		B472BE731DF178BA00249E3B /* Supporting Files */ = {
			isa = PBXGroup;
			children = (
				B472BE741DF178BA00249E3B /* main.m */,
			);
			name = "Supporting Files";
			sourceTree = "<group>";
		};
		B472BE8C1DF178BA00249E3B /* YHPopupViewDemoTests */ = {
			isa = PBXGroup;
			children = (
				B472BE8D1DF178BA00249E3B /* YHPopupViewDemoTests.m */,
				B472BE8F1DF178BA00249E3B /* Info.plist */,
			);
			path = YHPopupViewDemoTests;
			sourceTree = "<group>";
		};
		B472BE971DF178BA00249E3B /* YHPopupViewDemoUITests */ = {
			isa = PBXGroup;
			children = (
				B472BE981DF178BA00249E3B /* YHPopupViewDemoUITests.m */,
				B472BE9A1DF178BA00249E3B /* Info.plist */,
			);
			path = YHPopupViewDemoUITests;
			sourceTree = "<group>";
		};
		B472BEA61DF178E900249E3B /* YHPopupView */ = {
			isa = PBXGroup;
			children = (
				B4B76C571DFF8FE400A0C003 /* Controller */,
				B472BEA91DF178E900249E3B /* YHPopupView.h */,
				B472BEAA1DF178E900249E3B /* YHPopupView.m */,
				B472BEAB1DF178E900249E3B /* YHPopupViewAnimation.h */,
				B472BEAC1DF178E900249E3B /* YHPopupViewAnimation.m */,
				B45938961DFE3BC30039A8FD /* YHMessageView.h */,
				B45938971DFE3BC30039A8FD /* YHMessageView.m */,
			);
			name = YHPopupView;
			path = ../../YHPopupView;
			sourceTree = "<group>";
		};
		B4B76C571DFF8FE400A0C003 /* Controller */ = {
			isa = PBXGroup;
			children = (
				B4B76C581DFF8FE400A0C003 /* UIViewController+YHPopupViewController.h */,
				B4B76C591DFF8FE400A0C003 /* UIViewController+YHPopupViewController.m */,
				B4B76C5B1DFF900900A0C003 /* UIViewController+YHMessageViewController.h */,
				B4B76C5C1DFF900900A0C003 /* UIViewController+YHMessageViewController.m */,
			);
			path = Controller;
			sourceTree = "<group>";
		};
/* End PBXGroup section */

/* Begin PBXNativeTarget section */
		B472BE6F1DF178BA00249E3B /* YHPopupViewDemo */ = {
			isa = PBXNativeTarget;
			buildConfigurationList = B472BE9D1DF178BA00249E3B /* Build configuration list for PBXNativeTarget "YHPopupViewDemo" */;
			buildPhases = (
				B472BE6C1DF178BA00249E3B /* Sources */,
				B472BE6D1DF178BA00249E3B /* Frameworks */,
				B472BE6E1DF178BA00249E3B /* Resources */,
			);
			buildRules = (
			);
			dependencies = (
			);
			name = YHPopupViewDemo;
			productName = YHPopupViewDemo;
			productReference = B472BE701DF178BA00249E3B /* YHPopupViewDemo.app */;
			productType = "com.apple.product-type.application";
		};
		B472BE881DF178BA00249E3B /* YHPopupViewDemoTests */ = {
			isa = PBXNativeTarget;
			buildConfigurationList = B472BEA01DF178BA00249E3B /* Build configuration list for PBXNativeTarget "YHPopupViewDemoTests" */;
			buildPhases = (
				B472BE851DF178BA00249E3B /* Sources */,
				B472BE861DF178BA00249E3B /* Frameworks */,
				B472BE871DF178BA00249E3B /* Resources */,
			);
			buildRules = (
			);
			dependencies = (
				B472BE8B1DF178BA00249E3B /* PBXTargetDependency */,
			);
			name = YHPopupViewDemoTests;
			productName = YHPopupViewDemoTests;
			productReference = B472BE891DF178BA00249E3B /* YHPopupViewDemoTests.xctest */;
			productType = "com.apple.product-type.bundle.unit-test";
		};
		B472BE931DF178BA00249E3B /* YHPopupViewDemoUITests */ = {
			isa = PBXNativeTarget;
			buildConfigurationList = B472BEA31DF178BA00249E3B /* Build configuration list for PBXNativeTarget "YHPopupViewDemoUITests" */;
			buildPhases = (
				B472BE901DF178BA00249E3B /* Sources */,
				B472BE911DF178BA00249E3B /* Frameworks */,
				B472BE921DF178BA00249E3B /* Resources */,
			);
			buildRules = (
			);
			dependencies = (
				B472BE961DF178BA00249E3B /* PBXTargetDependency */,
			);
			name = YHPopupViewDemoUITests;
			productName = YHPopupViewDemoUITests;
			productReference = B472BE941DF178BA00249E3B /* YHPopupViewDemoUITests.xctest */;
			productType = "com.apple.product-type.bundle.ui-testing";
		};
/* End PBXNativeTarget section */

/* Begin PBXProject section */
		B472BE681DF178B900249E3B /* Project object */ = {
			isa = PBXProject;
			attributes = {
				LastUpgradeCheck = 0800;
				ORGANIZATIONNAME = dengyonghao;
				TargetAttributes = {
					B472BE6F1DF178BA00249E3B = {
						CreatedOnToolsVersion = 8.0;
						DevelopmentTeam = 9PF5ASX4BR;
						ProvisioningStyle = Automatic;
					};
					B472BE881DF178BA00249E3B = {
						CreatedOnToolsVersion = 8.0;
						DevelopmentTeam = 9PF5ASX4BR;
						ProvisioningStyle = Automatic;
						TestTargetID = B472BE6F1DF178BA00249E3B;
					};
					B472BE931DF178BA00249E3B = {
						CreatedOnToolsVersion = 8.0;
						DevelopmentTeam = 9PF5ASX4BR;
						ProvisioningStyle = Automatic;
						TestTargetID = B472BE6F1DF178BA00249E3B;
					};
				};
			};
			buildConfigurationList = B472BE6B1DF178B900249E3B /* Build configuration list for PBXProject "YHPopupViewDemo" */;
			compatibilityVersion = "Xcode 3.2";
			developmentRegion = English;
			hasScannedForEncodings = 0;
			knownRegions = (
				en,
				Base,
			);
			mainGroup = B472BE671DF178B900249E3B;
			productRefGroup = B472BE711DF178BA00249E3B /* Products */;
			projectDirPath = "";
			projectRoot = "";
			targets = (
				B472BE6F1DF178BA00249E3B /* YHPopupViewDemo */,
				B472BE881DF178BA00249E3B /* YHPopupViewDemoTests */,
				B472BE931DF178BA00249E3B /* YHPopupViewDemoUITests */,
			);
		};
/* End PBXProject section */

/* Begin PBXResourcesBuildPhase section */
		B472BE6E1DF178BA00249E3B /* Resources */ = {
			isa = PBXResourcesBuildPhase;
			buildActionMask = 2147483647;
			files = (
				B472BE831DF178BA00249E3B /* LaunchScreen.storyboard in Resources */,
				B472BE801DF178BA00249E3B /* Assets.xcassets in Resources */,
				B472BE7E1DF178BA00249E3B /* Main.storyboard in Resources */,
			);
			runOnlyForDeploymentPostprocessing = 0;
		};
		B472BE871DF178BA00249E3B /* Resources */ = {
			isa = PBXResourcesBuildPhase;
			buildActionMask = 2147483647;
			files = (
			);
			runOnlyForDeploymentPostprocessing = 0;
		};
		B472BE921DF178BA00249E3B /* Resources */ = {
			isa = PBXResourcesBuildPhase;
			buildActionMask = 2147483647;
			files = (
			);
			runOnlyForDeploymentPostprocessing = 0;
		};
/* End PBXResourcesBuildPhase section */

/* Begin PBXSourcesBuildPhase section */
		B472BE6C1DF178BA00249E3B /* Sources */ = {
			isa = PBXSourcesBuildPhase;
			buildActionMask = 2147483647;
			files = (
				B472BEAE1DF178E900249E3B /* YHPopupView.m in Sources */,
				B4B76C5D1DFF900900A0C003 /* UIViewController+YHMessageViewController.m in Sources */,
				B472BE7B1DF178BA00249E3B /* ViewController.m in Sources */,
				B45938981DFE3BC30039A8FD /* YHMessageView.m in Sources */,
				B472BE781DF178BA00249E3B /* AppDelegate.m in Sources */,
				B472BE751DF178BA00249E3B /* main.m in Sources */,
				B472BEAF1DF178E900249E3B /* YHPopupViewAnimation.m in Sources */,
				B4B76C5A1DFF8FE400A0C003 /* UIViewController+YHPopupViewController.m in Sources */,
			);
			runOnlyForDeploymentPostprocessing = 0;
		};
		B472BE851DF178BA00249E3B /* Sources */ = {
			isa = PBXSourcesBuildPhase;
			buildActionMask = 2147483647;
			files = (
				B472BE8E1DF178BA00249E3B /* YHPopupViewDemoTests.m in Sources */,
			);
			runOnlyForDeploymentPostprocessing = 0;
		};
		B472BE901DF178BA00249E3B /* Sources */ = {
			isa = PBXSourcesBuildPhase;
			buildActionMask = 2147483647;
			files = (
				B472BE991DF178BA00249E3B /* YHPopupViewDemoUITests.m in Sources */,
			);
			runOnlyForDeploymentPostprocessing = 0;
		};
/* End PBXSourcesBuildPhase section */

/* Begin PBXTargetDependency section */
		B472BE8B1DF178BA00249E3B /* PBXTargetDependency */ = {
			isa = PBXTargetDependency;
			target = B472BE6F1DF178BA00249E3B /* YHPopupViewDemo */;
			targetProxy = B472BE8A1DF178BA00249E3B /* PBXContainerItemProxy */;
		};
		B472BE961DF178BA00249E3B /* PBXTargetDependency */ = {
			isa = PBXTargetDependency;
			target = B472BE6F1DF178BA00249E3B /* YHPopupViewDemo */;
			targetProxy = B472BE951DF178BA00249E3B /* PBXContainerItemProxy */;
		};
/* End PBXTargetDependency section */

/* Begin PBXVariantGroup section */
		B472BE7C1DF178BA00249E3B /* Main.storyboard */ = {
			isa = PBXVariantGroup;
			children = (
				B472BE7D1DF178BA00249E3B /* Base */,
			);
			name = Main.storyboard;
			sourceTree = "<group>";
		};
		B472BE811DF178BA00249E3B /* LaunchScreen.storyboard */ = {
			isa = PBXVariantGroup;
			children = (
				B472BE821DF178BA00249E3B /* Base */,
			);
			name = LaunchScreen.storyboard;
			sourceTree = "<group>";
		};
/* End PBXVariantGroup section */

/* Begin XCBuildConfiguration section */
		B472BE9B1DF178BA00249E3B /* Debug */ = {
			isa = XCBuildConfiguration;
			buildSettings = {
				ALWAYS_SEARCH_USER_PATHS = NO;
				CLANG_ANALYZER_NONNULL = YES;
				CLANG_CXX_LANGUAGE_STANDARD = "gnu++0x";
				CLANG_CXX_LIBRARY = "libc++";
				CLANG_ENABLE_MODULES = YES;
				CLANG_ENABLE_OBJC_ARC = YES;
				CLANG_WARN_BOOL_CONVERSION = YES;
				CLANG_WARN_CONSTANT_CONVERSION = YES;
				CLANG_WARN_DIRECT_OBJC_ISA_USAGE = YES_ERROR;
				CLANG_WARN_DOCUMENTATION_COMMENTS = YES;
				CLANG_WARN_EMPTY_BODY = YES;
				CLANG_WARN_ENUM_CONVERSION = YES;
				CLANG_WARN_INFINITE_RECURSION = YES;
				CLANG_WARN_INT_CONVERSION = YES;
				CLANG_WARN_OBJC_ROOT_CLASS = YES_ERROR;
				CLANG_WARN_SUSPICIOUS_MOVES = YES;
				CLANG_WARN_UNREACHABLE_CODE = YES;
				CLANG_WARN__DUPLICATE_METHOD_MATCH = YES;
				"CODE_SIGN_IDENTITY[sdk=iphoneos*]" = "iPhone Developer";
				COPY_PHASE_STRIP = NO;
				DEBUG_INFORMATION_FORMAT = dwarf;
				ENABLE_STRICT_OBJC_MSGSEND = YES;
				ENABLE_TESTABILITY = YES;
				GCC_C_LANGUAGE_STANDARD = gnu99;
				GCC_DYNAMIC_NO_PIC = NO;
				GCC_NO_COMMON_BLOCKS = YES;
				GCC_OPTIMIZATION_LEVEL = 0;
				GCC_PREPROCESSOR_DEFINITIONS = (
					"DEBUG=1",
					"$(inherited)",
				);
				GCC_WARN_64_TO_32_BIT_CONVERSION = YES;
				GCC_WARN_ABOUT_RETURN_TYPE = YES_ERROR;
				GCC_WARN_UNDECLARED_SELECTOR = YES;
				GCC_WARN_UNINITIALIZED_AUTOS = YES_AGGRESSIVE;
				GCC_WARN_UNUSED_FUNCTION = YES;
				GCC_WARN_UNUSED_VARIABLE = YES;
				IPHONEOS_DEPLOYMENT_TARGET = 10.0;
				MTL_ENABLE_DEBUG_INFO = YES;
				ONLY_ACTIVE_ARCH = YES;
				SDKROOT = iphoneos;
			};
			name = Debug;
		};
		B472BE9C1DF178BA00249E3B /* Release */ = {
			isa = XCBuildConfiguration;
			buildSettings = {
				ALWAYS_SEARCH_USER_PATHS = NO;
				CLANG_ANALYZER_NONNULL = YES;
				CLANG_CXX_LANGUAGE_STANDARD = "gnu++0x";
				CLANG_CXX_LIBRARY = "libc++";
				CLANG_ENABLE_MODULES = YES;
				CLANG_ENABLE_OBJC_ARC = YES;
				CLANG_WARN_BOOL_CONVERSION = YES;
				CLANG_WARN_CONSTANT_CONVERSION = YES;
				CLANG_WARN_DIRECT_OBJC_ISA_USAGE = YES_ERROR;
				CLANG_WARN_DOCUMENTATION_COMMENTS = YES;
				CLANG_WARN_EMPTY_BODY = YES;
				CLANG_WARN_ENUM_CONVERSION = YES;
				CLANG_WARN_INFINITE_RECURSION = YES;
				CLANG_WARN_INT_CONVERSION = YES;
				CLANG_WARN_OBJC_ROOT_CLASS = YES_ERROR;
				CLANG_WARN_SUSPICIOUS_MOVES = YES;
				CLANG_WARN_UNREACHABLE_CODE = YES;
				CLANG_WARN__DUPLICATE_METHOD_MATCH = YES;
				"CODE_SIGN_IDENTITY[sdk=iphoneos*]" = "iPhone Developer";
				COPY_PHASE_STRIP = NO;
				DEBUG_INFORMATION_FORMAT = "dwarf-with-dsym";
				ENABLE_NS_ASSERTIONS = NO;
				ENABLE_STRICT_OBJC_MSGSEND = YES;
				GCC_C_LANGUAGE_STANDARD = gnu99;
				GCC_NO_COMMON_BLOCKS = YES;
				GCC_WARN_64_TO_32_BIT_CONVERSION = YES;
				GCC_WARN_ABOUT_RETURN_TYPE = YES_ERROR;
				GCC_WARN_UNDECLARED_SELECTOR = YES;
				GCC_WARN_UNINITIALIZED_AUTOS = YES_AGGRESSIVE;
				GCC_WARN_UNUSED_FUNCTION = YES;
				GCC_WARN_UNUSED_VARIABLE = YES;
				IPHONEOS_DEPLOYMENT_TARGET = 10.0;
				MTL_ENABLE_DEBUG_INFO = NO;
				SDKROOT = iphoneos;
				VALIDATE_PRODUCT = YES;
			};
			name = Release;
		};
		B472BE9E1DF178BA00249E3B /* Debug */ = {
			isa = XCBuildConfiguration;
			buildSettings = {
				ASSETCATALOG_COMPILER_APPICON_NAME = AppIcon;
				DEVELOPMENT_TEAM = 9PF5ASX4BR;
				INFOPLIST_FILE = YHPopupViewDemo/Info.plist;
				IPHONEOS_DEPLOYMENT_TARGET = 8.0;
				LD_RUNPATH_SEARCH_PATHS = "$(inherited) @executable_path/Frameworks";
				PRODUCT_BUNDLE_IDENTIFIER = com.dengyonghao.YHPopupViewDemo;
				PRODUCT_NAME = "$(TARGET_NAME)";
			};
			name = Debug;
		};
		B472BE9F1DF178BA00249E3B /* Release */ = {
			isa = XCBuildConfiguration;
			buildSettings = {
				ASSETCATALOG_COMPILER_APPICON_NAME = AppIcon;
				DEVELOPMENT_TEAM = 9PF5ASX4BR;
				INFOPLIST_FILE = YHPopupViewDemo/Info.plist;
				IPHONEOS_DEPLOYMENT_TARGET = 8.0;
				LD_RUNPATH_SEARCH_PATHS = "$(inherited) @executable_path/Frameworks";
				PRODUCT_BUNDLE_IDENTIFIER = com.dengyonghao.YHPopupViewDemo;
				PRODUCT_NAME = "$(TARGET_NAME)";
			};
			name = Release;
		};
		B472BEA11DF178BA00249E3B /* Debug */ = {
			isa = XCBuildConfiguration;
			buildSettings = {
				BUNDLE_LOADER = "$(TEST_HOST)";
				DEVELOPMENT_TEAM = 9PF5ASX4BR;
				INFOPLIST_FILE = YHPopupViewDemoTests/Info.plist;
				LD_RUNPATH_SEARCH_PATHS = "$(inherited) @executable_path/Frameworks @loader_path/Frameworks";
				PRODUCT_BUNDLE_IDENTIFIER = com.dengyonghao.YHPopupViewDemoTests;
				PRODUCT_NAME = "$(TARGET_NAME)";
				TEST_HOST = "$(BUILT_PRODUCTS_DIR)/YHPopupViewDemo.app/YHPopupViewDemo";
			};
			name = Debug;
		};
		B472BEA21DF178BA00249E3B /* Release */ = {
			isa = XCBuildConfiguration;
			buildSettings = {
				BUNDLE_LOADER = "$(TEST_HOST)";
				DEVELOPMENT_TEAM = 9PF5ASX4BR;
				INFOPLIST_FILE = YHPopupViewDemoTests/Info.plist;
				LD_RUNPATH_SEARCH_PATHS = "$(inherited) @executable_path/Frameworks @loader_path/Frameworks";
				PRODUCT_BUNDLE_IDENTIFIER = com.dengyonghao.YHPopupViewDemoTests;
				PRODUCT_NAME = "$(TARGET_NAME)";
				TEST_HOST = "$(BUILT_PRODUCTS_DIR)/YHPopupViewDemo.app/YHPopupViewDemo";
			};
			name = Release;
		};
		B472BEA41DF178BA00249E3B /* Debug */ = {
			isa = XCBuildConfiguration;
			buildSettings = {
				DEVELOPMENT_TEAM = 9PF5ASX4BR;
				INFOPLIST_FILE = YHPopupViewDemoUITests/Info.plist;
				LD_RUNPATH_SEARCH_PATHS = "$(inherited) @executable_path/Frameworks @loader_path/Frameworks";
				PRODUCT_BUNDLE_IDENTIFIER = com.dengyonghao.YHPopupViewDemoUITests;
				PRODUCT_NAME = "$(TARGET_NAME)";
				TEST_TARGET_NAME = YHPopupViewDemo;
			};
			name = Debug;
		};
		B472BEA51DF178BA00249E3B /* Release */ = {
			isa = XCBuildConfiguration;
			buildSettings = {
				DEVELOPMENT_TEAM = 9PF5ASX4BR;
				INFOPLIST_FILE = YHPopupViewDemoUITests/Info.plist;
				LD_RUNPATH_SEARCH_PATHS = "$(inherited) @executable_path/Frameworks @loader_path/Frameworks";
				PRODUCT_BUNDLE_IDENTIFIER = com.dengyonghao.YHPopupViewDemoUITests;
				PRODUCT_NAME = "$(TARGET_NAME)";
				TEST_TARGET_NAME = YHPopupViewDemo;
			};
			name = Release;
		};
/* End XCBuildConfiguration section */

/* Begin XCConfigurationList section */
		B472BE6B1DF178B900249E3B /* Build configuration list for PBXProject "YHPopupViewDemo" */ = {
			isa = XCConfigurationList;
			buildConfigurations = (
				B472BE9B1DF178BA00249E3B /* Debug */,
				B472BE9C1DF178BA00249E3B /* Release */,
			);
			defaultConfigurationIsVisible = 0;
			defaultConfigurationName = Release;
		};
		B472BE9D1DF178BA00249E3B /* Build configuration list for PBXNativeTarget "YHPopupViewDemo" */ = {
			isa = XCConfigurationList;
			buildConfigurations = (
				B472BE9E1DF178BA00249E3B /* Debug */,
				B472BE9F1DF178BA00249E3B /* Release */,
			);
			defaultConfigurationIsVisible = 0;
			defaultConfigurationName = Release;
		};
		B472BEA01DF178BA00249E3B /* Build configuration list for PBXNativeTarget "YHPopupViewDemoTests" */ = {
			isa = XCConfigurationList;
			buildConfigurations = (
				B472BEA11DF178BA00249E3B /* Debug */,
				B472BEA21DF178BA00249E3B /* Release */,
			);
			defaultConfigurationIsVisible = 0;
			defaultConfigurationName = Release;
		};
		B472BEA31DF178BA00249E3B /* Build configuration list for PBXNativeTarget "YHPopupViewDemoUITests" */ = {
			isa = XCConfigurationList;
			buildConfigurations = (
				B472BEA41DF178BA00249E3B /* Debug */,
				B472BEA51DF178BA00249E3B /* Release */,
			);
			defaultConfigurationIsVisible = 0;
			defaultConfigurationName = Release;
		};
/* End XCConfigurationList section */
	};
	rootObject = B472BE681DF178B900249E3B /* Project object */;
}
